
Microsoft Visual Studio Solution File, Format Version 12.00
# Visual Studio Version 17
VisualStudioVersion = 17.12.35506.116
MinimumVisualStudioVersion = 10.0.40219.1
Project("{2150E333-8FDC-42A3-9474-1A3956D46DE8}") = "Solution Items", "Solution Items", "{FCE90DA7-00C1-43E2-AECD-1E2B426A47C5}"
	ProjectSection(SolutionItems) = preProject
		Directory.Build.props = Directory.Build.props
		Directory.Packages.props = Directory.Packages.props
		README.md = README.md
	EndProjectSection
EndProject
Project("{FAE04EC0-301F-11D3-BF4B-00C04F79EFBC}") = "ZenithEngine.Common", "src\ZenithEngine.Common\ZenithEngine.Common.csproj", "{57DC7B99-738E-4221-94EE-CF30B6076F64}"
EndProject
Project("{FAE04EC0-301F-11D3-BF4B-00C04F79EFBC}") = "ZenithEngine.Vulkan", "src\ZenithEngine.Vulkan\ZenithEngine.Vulkan.csproj", "{5920344B-82C8-4A37-93B7-2B6785C5C9C9}"
EndProject
Project("{FAE04EC0-301F-11D3-BF4B-00C04F79EFBC}") = "ZenithEngine.ShaderCompiler", "src\ZenithEngine.ShaderCompiler\ZenithEngine.ShaderCompiler.csproj", "{BBC2AC45-CCF7-4B84-8912-E5157A4F01E6}"
EndProject
Project("{2150E333-8FDC-42A3-9474-1A3956D46DE8}") = "Tests", "Tests", "{5273D256-AAC6-49A7-8D8F-DE1BB27838E0}"
EndProject
Project("{FAE04EC0-301F-11D3-BF4B-00C04F79EFBC}") = "ZenithEngine.ShaderCompiler.Test", "src\Tests\ZenithEngine.ShaderCompiler.Test\ZenithEngine.ShaderCompiler.Test.csproj", "{213D59ED-B586-46F2-B7E6-D4B3909FC6DA}"
EndProject
Project("{FAE04EC0-301F-11D3-BF4B-00C04F79EFBC}") = "ZenithEngine.Test", "src\Tests\ZenithEngine.Test\ZenithEngine.Test.csproj", "{83D3D97C-9EDC-4714-9076-10188F4668A6}"
EndProject
Project("{FAE04EC0-301F-11D3-BF4B-00C04F79EFBC}") = "ZenithEngine.Windowing", "src\ZenithEngine.Windowing\ZenithEngine.Windowing.csproj", "{1DBB9089-75B1-4169-AE4C-B97AAD3F2E49}"
EndProject
Project("{FAE04EC0-301F-11D3-BF4B-00C04F79EFBC}") = "ZenithEngine.ImGui", "src\ZenithEngine.ImGui\ZenithEngine.ImGui.csproj", "{DF7D1D7E-4C49-44D6-B45B-4DB0B9A0AD46}"
EndProject
Global
	GlobalSection(SolutionConfigurationPlatforms) = preSolution
		Debug|Any CPU = Debug|Any CPU
		Release|Any CPU = Release|Any CPU
	EndGlobalSection
	GlobalSection(ProjectConfigurationPlatforms) = postSolution
		{57DC7B99-738E-4221-94EE-CF30B6076F64}.Debug|Any CPU.ActiveCfg = Debug|Any CPU
		{57DC7B99-738E-4221-94EE-CF30B6076F64}.Debug|Any CPU.Build.0 = Debug|Any CPU
		{57DC7B99-738E-4221-94EE-CF30B6076F64}.Release|Any CPU.ActiveCfg = Release|Any CPU
		{57DC7B99-738E-4221-94EE-CF30B6076F64}.Release|Any CPU.Build.0 = Release|Any CPU
		{5920344B-82C8-4A37-93B7-2B6785C5C9C9}.Debug|Any CPU.ActiveCfg = Debug|Any CPU
		{5920344B-82C8-4A37-93B7-2B6785C5C9C9}.Debug|Any CPU.Build.0 = Debug|Any CPU
		{5920344B-82C8-4A37-93B7-2B6785C5C9C9}.Release|Any CPU.ActiveCfg = Release|Any CPU
		{5920344B-82C8-4A37-93B7-2B6785C5C9C9}.Release|Any CPU.Build.0 = Release|Any CPU
		{BBC2AC45-CCF7-4B84-8912-E5157A4F01E6}.Debug|Any CPU.ActiveCfg = Debug|Any CPU
		{BBC2AC45-CCF7-4B84-8912-E5157A4F01E6}.Debug|Any CPU.Build.0 = Debug|Any CPU
		{BBC2AC45-CCF7-4B84-8912-E5157A4F01E6}.Release|Any CPU.ActiveCfg = Release|Any CPU
		{BBC2AC45-CCF7-4B84-8912-E5157A4F01E6}.Release|Any CPU.Build.0 = Release|Any CPU
		{213D59ED-B586-46F2-B7E6-D4B3909FC6DA}.Debug|Any CPU.ActiveCfg = Debug|Any CPU
		{213D59ED-B586-46F2-B7E6-D4B3909FC6DA}.Debug|Any CPU.Build.0 = Debug|Any CPU
		{213D59ED-B586-46F2-B7E6-D4B3909FC6DA}.Release|Any CPU.ActiveCfg = Release|Any CPU
		{213D59ED-B586-46F2-B7E6-D4B3909FC6DA}.Release|Any CPU.Build.0 = Release|Any CPU
		{83D3D97C-9EDC-4714-9076-10188F4668A6}.Debug|Any CPU.ActiveCfg = Debug|Any CPU
		{83D3D97C-9EDC-4714-9076-10188F4668A6}.Debug|Any CPU.Build.0 = Debug|Any CPU
		{83D3D97C-9EDC-4714-9076-10188F4668A6}.Release|Any CPU.ActiveCfg = Release|Any CPU
		{83D3D97C-9EDC-4714-9076-10188F4668A6}.Release|Any CPU.Build.0 = Release|Any CPU
		{1DBB9089-75B1-4169-AE4C-B97AAD3F2E49}.Debug|Any CPU.ActiveCfg = Debug|Any CPU
		{1DBB9089-75B1-4169-AE4C-B97AAD3F2E49}.Debug|Any CPU.Build.0 = Debug|Any CPU
		{1DBB9089-75B1-4169-AE4C-B97AAD3F2E49}.Release|Any CPU.ActiveCfg = Release|Any CPU
		{1DBB9089-75B1-4169-AE4C-B97AAD3F2E49}.Release|Any CPU.Build.0 = Release|Any CPU
		{DF7D1D7E-4C49-44D6-B45B-4DB0B9A0AD46}.Debug|Any CPU.ActiveCfg = Debug|Any CPU
		{DF7D1D7E-4C49-44D6-B45B-4DB0B9A0AD46}.Debug|Any CPU.Build.0 = Debug|Any CPU
		{DF7D1D7E-4C49-44D6-B45B-4DB0B9A0AD46}.Release|Any CPU.ActiveCfg = Release|Any CPU
		{DF7D1D7E-4C49-44D6-B45B-4DB0B9A0AD46}.Release|Any CPU.Build.0 = Release|Any CPU
	EndGlobalSection
	GlobalSection(SolutionProperties) = preSolution
		HideSolutionNode = FALSE
	EndGlobalSection
	GlobalSection(NestedProjects) = preSolution
		{213D59ED-B586-46F2-B7E6-D4B3909FC6DA} = {5273D256-AAC6-49A7-8D8F-DE1BB27838E0}
		{83D3D97C-9EDC-4714-9076-10188F4668A6} = {5273D256-AAC6-49A7-8D8F-DE1BB27838E0}
	EndGlobalSection
EndGlobal
